// !$*UTF8*$!
{
	archiveVersion = 1;
	classes = {
	};
	objectVersion = 50;
	objects = {

/* Begin PBXBuildFile section */
		6DD24E74212FFA1800D841EB /* AppDelegate.swift in Sources */ = {isa = PBXBuildFile; fileRef = 6DD24E73212FFA1800D841EB /* AppDelegate.swift */; };
		6DD24E76212FFA1800D841EB /* ViewController.swift in Sources */ = {isa = PBXBuildFile; fileRef = 6DD24E75212FFA1800D841EB /* ViewController.swift */; };
		6DD24E79212FFA1800D841EB /* Main.storyboard in Resources */ = {isa = PBXBuildFile; fileRef = 6DD24E77212FFA1800D841EB /* Main.storyboard */; };
		6DD24E7B212FFA1800D841EB /* Assets.xcassets in Resources */ = {isa = PBXBuildFile; fileRef = 6DD24E7A212FFA1800D841EB /* Assets.xcassets */; };
		6DD24E7E212FFA1800D841EB /* LaunchScreen.storyboard in Resources */ = {isa = PBXBuildFile; fileRef = 6DD24E7C212FFA1800D841EB /* LaunchScreen.storyboard */; };
/* End PBXBuildFile section */

/* Begin PBXContainerItemProxy section */
		6DB0A94A21303CE2000D41C9 /* PBXContainerItemProxy */ = {
			isa = PBXContainerItemProxy;
			containerPortal = 6DB0A94621303CE2000D41C9 /* SecondApp.xcodeproj */;
			proxyType = 2;
			remoteGlobalIDString = 6DD24E8E212FFBB900D841EB;
			remoteInfo = SecondApp;
		};
		6DB0A94C21303D3E000D41C9 /* PBXContainerItemProxy */ = {
			isa = PBXContainerItemProxy;
			containerPortal = 6DB0A94621303CE2000D41C9 /* SecondApp.xcodeproj */;
			proxyType = 1;
			remoteGlobalIDString = 6DD24E8D212FFBB900D841EB;
			remoteInfo = SecondApp;
		};
/* End PBXContainerItemProxy section */

/* Begin PBXFileReference section */
		6DB0A94621303CE2000D41C9 /* SecondApp.xcodeproj */ = {isa = PBXFileReference; lastKnownFileType = "wrapper.pb-project"; name = SecondApp.xcodeproj; path = ../submoduleTesting/SecondApp.xcodeproj; sourceTree = "<group>"; };
		6DD24E70212FFA1800D841EB /* MainProject.app */ = {isa = PBXFileReference; explicitFileType = wrapper.application; includeInIndex = 0; path = MainProject.app; sourceTree = BUILT_PRODUCTS_DIR; };
		6DD24E73212FFA1800D841EB /* AppDelegate.swift */ = {isa = PBXFileReference; lastKnownFileType = sourcecode.swift; path = AppDelegate.swift; sourceTree = "<group>"; };
		6DD24E75212FFA1800D841EB /* ViewController.swift */ = {isa = PBXFileReference; lastKnownFileType = sourcecode.swift; path = ViewController.swift; sourceTree = "<group>"; };
		6DD24E78212FFA1800D841EB /* Base */ = {isa = PBXFileReference; lastKnownFileType = file.storyboard; name = Base; path = Base.lproj/Main.storyboard; sourceTree = "<group>"; };
		6DD24E7A212FFA1800D841EB /* Assets.xcassets */ = {isa = PBXFileReference; lastKnownFileType = folder.assetcatalog; path = Assets.xcassets; sourceTree = "<group>"; };
		6DD24E7D212FFA1800D841EB /* Base */ = {isa = PBXFileReference; lastKnownFileType = file.storyboard; name = Base; path = Base.lproj/LaunchScreen.storyboard; sourceTree = "<group>"; };
		6DD24E7F212FFA1800D841EB /* Info.plist */ = {isa = PBXFileReference; lastKnownFileType = text.plist.xml; path = Info.plist; sourceTree = "<group>"; };
/* End PBXFileReference section */

/* Begin PBXFrameworksBuildPhase section */
		6DD24E6D212FFA1800D841EB /* Frameworks */ = {
			isa = PBXFrameworksBuildPhase;
			buildActionMask = 2147483647;
			files = (
			);
			runOnlyForDeploymentPostprocessing = 0;
		};
/* End PBXFrameworksBuildPhase section */

/* Begin PBXGroup section */
		6DB0A94721303CE2000D41C9 /* Products */ = {
			isa = PBXGroup;
			children = (
				6DB0A94B21303CE2000D41C9 /* SecondApp.app */,
			);
			name = Products;
			sourceTree = "<group>";
		};
		6DD24E67212FFA1800D841EB = {
			isa = PBXGroup;
			children = (
				6DB0A94621303CE2000D41C9 /* SecondApp.xcodeproj */,
				6DD24E72212FFA1800D841EB /* MainProject */,
				6DD24E71212FFA1800D841EB /* Products */,
			);
			sourceTree = "<group>";
		};
		6DD24E71212FFA1800D841EB /* Products */ = {
			isa = PBXGroup;
			children = (
				6DD24E70212FFA1800D841EB /* MainProject.app */,
			);
			name = Products;
			sourceTree = "<group>";
		};
		6DD24E72212FFA1800D841EB /* MainProject */ = {
			isa = PBXGroup;
			children = (
				6DD24E73212FFA1800D841EB /* AppDelegate.swift */,
				6DD24E75212FFA1800D841EB /* ViewController.swift */,
				6DD24E77212FFA1800D841EB /* Main.storyboard */,
				6DD24E7A212FFA1800D841EB /* Assets.xcassets */,
				6DD24E7C212FFA1800D841EB /* LaunchScreen.storyboard */,
				6DD24E7F212FFA1800D841EB /* Info.plist */,
			);
			path = MainProject;
			sourceTree = "<group>";
		};
/* End PBXGroup section */

/* Begin PBXNativeTarget section */
		6DD24E6F212FFA1800D841EB /* MainProject */ = {
			isa = PBXNativeTarget;
			buildConfigurationList = 6DD24E82212FFA1800D841EB /* Build configuration list for PBXNativeTarget "MainProject" */;
			buildPhases = (
				6DD24E6C212FFA1800D841EB /* Sources */,
				6DD24E6D212FFA1800D841EB /* Frameworks */,
				6DD24E6E212FFA1800D841EB /* Resources */,
			);
			buildRules = (
			);
			dependencies = (
				6DB0A94D21303D3E000D41C9 /* PBXTargetDependency */,
			);
			name = MainProject;
			productName = MainProject;
			productReference = 6DD24E70212FFA1800D841EB /* MainProject.app */;
			productType = "com.apple.product-type.application";
		};
/* End PBXNativeTarget section */

/* Begin PBXProject section */
		6DD24E68212FFA1800D841EB /* Project object */ = {
			isa = PBXProject;
			attributes = {
				LastSwiftUpdateCheck = 0940;
				LastUpgradeCheck = 0940;
				ORGANIZATIONNAME = andreea;
				TargetAttributes = {
					6DD24E6F212FFA1800D841EB = {
						CreatedOnToolsVersion = 9.4.1;
					};
				};
			};
			buildConfigurationList = 6DD24E6B212FFA1800D841EB /* Build configuration list for PBXProject "MainProject" */;
			compatibilityVersion = "Xcode 9.3";
			developmentRegion = en;
			hasScannedForEncodings = 0;
			knownRegions = (
				en,
				Base,
			);
			mainGroup = 6DD24E67212FFA1800D841EB;
			productRefGroup = 6DD24E71212FFA1800D841EB /* Products */;
			projectDirPath = "";
			projectReferences = (
				{
					ProductGroup = 6DB0A94721303CE2000D41C9 /* Products */;
					ProjectRef = 6DB0A94621303CE2000D41C9 /* SecondApp.xcodeproj */;
				},
			);
			projectRoot = "";
			targets = (
				6DD24E6F212FFA1800D841EB /* MainProject */,
			);
		};
/* End PBXProject section */

/* Begin PBXReferenceProxy section */
		6DB0A94B21303CE2000D41C9 /* SecondApp.app */ = {
			isa = PBXReferenceProxy;
			fileType = wrapper.application;
			path = SecondApp.app;
			remoteRef = 6DB0A94A21303CE2000D41C9 /* PBXContainerItemProxy */;
			sourceTree = BUILT_PRODUCTS_DIR;
		};
/* End PBXReferenceProxy section */

/* Begin PBXResourcesBuildPhase section */
		6DD24E6E212FFA1800D841EB /* Resources */ = {
			isa = PBXResourcesBuildPhase;
			buildActionMask = 2147483647;
			files = (
				6DD24E7E212FFA1800D841EB /* LaunchScreen.storyboard in Resources */,
				6DD24E7B212FFA1800D841EB /* Assets.xcassets in Resources */,
				6DD24E79212FFA1800D841EB /* Main.storyboard in Resources */,
			);
			runOnlyForDeploymentPostprocessing = 0;
		};
/* End PBXResourcesBuildPhase section */

/* Begin PBXSourcesBuildPhase section */
		6DD24E6C212FFA1800D841EB /* Sources */ = {
			isa = PBXSourcesBuildPhase;
			buildActionMask = 2147483647;
			files = (
				6DD24E76212FFA1800D841EB /* ViewController.swift in Sources */,
				6DD24E74212FFA1800D841EB /* AppDelegate.swift in Sources */,
			);
			runOnlyForDeploymentPostprocessing = 0;
		};
/* End PBXSourcesBuildPhase section */

/* Begin PBXTargetDependency section */
		6DB0A94D21303D3E000D41C9 /* PBXTargetDependency */ = {
			isa = PBXTargetDependency;
			name = SecondApp;
			targetProxy = 6DB0A94C21303D3E000D41C9 /* PBXContainerItemProxy */;
		};
/* End PBXTargetDependency section */

/* Begin PBXVariantGroup section */
		6DD24E77212FFA1800D841EB /* Main.storyboard */ = {
			isa = PBXVariantGroup;
			children = (
				6DD24E78212FFA1800D841EB /* Base */,
			);
			name = Main.storyboard;
			sourceTree = "<group>";
		};
		6DD24E7C212FFA1800D841EB /* LaunchScreen.storyboard */ = {
			isa = PBXVariantGroup;
			children = (
				6DD24E7D212FFA1800D841EB /* Base */,
			);
			name = LaunchScreen.storyboard;
			sourceTree = "<group>";
		};
/* End PBXVariantGroup section */

/* Begin XCBuildConfiguration section */
		6DD24E80212FFA1800D841EB /* Debug */ = {
			isa = XCBuildConfiguration;
			buildSettings = {
				ALWAYS_SEARCH_USER_PATHS = NO;
				CLANG_ANALYZER_NONNULL = YES;
				CLANG_ANALYZER_NUMBER_OBJECT_CONVERSION = YES_AGGRESSIVE;
				CLANG_CXX_LANGUAGE_STANDARD = "gnu++14";
				CLANG_CXX_LIBRARY = "libc++";
				CLANG_ENABLE_MODULES = YES;
				CLANG_ENABLE_OBJC_ARC = YES;
				CLANG_ENABLE_OBJC_WEAK = YES;
				CLANG_WARN_BLOCK_CAPTURE_AUTORELEASING = YES;
				CLANG_WARN_BOOL_CONVERSION = YES;
				CLANG_WARN_COMMA = YES;
				CLANG_WARN_CONSTANT_CONVERSION = YES;
				CLANG_WARN_DEPRECATED_OBJC_IMPLEMENTATIONS = YES;
				CLANG_WARN_DIRECT_OBJC_ISA_USAGE = YES_ERROR;
				CLANG_WARN_DOCUMENTATION_COMMENTS = YES;
				CLANG_WARN_EMPTY_BODY = YES;
				CLANG_WARN_ENUM_CONVERSION = YES;
				CLANG_WARN_INFINITE_RECURSION = YES;
				CLANG_WARN_INT_CONVERSION = YES;
				CLANG_WARN_NON_LITERAL_NULL_CONVERSION = YES;
				CLANG_WARN_OBJC_IMPLICIT_RETAIN_SELF = YES;
				CLANG_WARN_OBJC_LITERAL_CONVERSION = YES;
				CLANG_WARN_OBJC_ROOT_CLASS = YES_ERROR;
				CLANG_WARN_RANGE_LOOP_ANALYSIS = YES;
				CLANG_WARN_STRICT_PROTOTYPES = YES;
				CLANG_WARN_SUSPICIOUS_MOVE = YES;
				CLANG_WARN_UNGUARDED_AVAILABILITY = YES_AGGRESSIVE;
				CLANG_WARN_UNREACHABLE_CODE = YES;
				CLANG_WARN__DUPLICATE_METHOD_MATCH = YES;
				CODE_SIGN_IDENTITY = "iPhone Developer";
				COPY_PHASE_STRIP = NO;
				DEBUG_INFORMATION_FORMAT = dwarf;
				ENABLE_STRICT_OBJC_MSGSEND = YES;
				ENABLE_TESTABILITY = YES;
				GCC_C_LANGUAGE_STANDARD = gnu11;
				GCC_DYNAMIC_NO_PIC = NO;
				GCC_NO_COMMON_BLOCKS = YES;
				GCC_OPTIMIZATION_LEVEL = 0;
				GCC_PREPROCESSOR_DEFINITIONS = (
					"DEBUG=1",
					"$(inherited)",
				);
				GCC_WARN_64_TO_32_BIT_CONVERSION = YES;
				GCC_WARN_ABOUT_RETURN_TYPE = YES_ERROR;
				GCC_WARN_UNDECLARED_SELECTOR = YES;
				GCC_WARN_UNINITIALIZED_AUTOS = YES_AGGRESSIVE;
				GCC_WARN_UNUSED_FUNCTION = YES;
				GCC_WARN_UNUSED_VARIABLE = YES;
				IPHONEOS_DEPLOYMENT_TARGET = 11.4;
				MTL_ENABLE_DEBUG_INFO = YES;
				ONLY_ACTIVE_ARCH = YES;
				SDKROOT = iphoneos;
				SWIFT_ACTIVE_COMPILATION_CONDITIONS = DEBUG;
				SWIFT_OPTIMIZATION_LEVEL = "-Onone";
			};
			name = Debug;
		};
		6DD24E81212FFA1800D841EB /* Release */ = {
			isa = XCBuildConfiguration;
			buildSettings = {
				ALWAYS_SEARCH_USER_PATHS = NO;
				CLANG_ANALYZER_NONNULL = YES;
				CLANG_ANALYZER_NUMBER_OBJECT_CONVERSION = YES_AGGRESSIVE;
				CLANG_CXX_LANGUAGE_STANDARD = "gnu++14";
				CLANG_CXX_LIBRARY = "libc++";
				CLANG_ENABLE_MODULES = YES;
				CLANG_ENABLE_OBJC_ARC = YES;
				CLANG_ENABLE_OBJC_WEAK = YES;
				CLANG_WARN_BLOCK_CAPTURE_AUTORELEASING = YES;
				CLANG_WARN_BOOL_CONVERSION = YES;
				CLANG_WARN_COMMA = YES;
				CLANG_WARN_CONSTANT_CONVERSION = YES;
				CLANG_WARN_DEPRECATED_OBJC_IMPLEMENTATIONS = YES;
				CLANG_WARN_DIRECT_OBJC_ISA_USAGE = YES_ERROR;
				CLANG_WARN_DOCUMENTATION_COMMENTS = YES;
				CLANG_WARN_EMPTY_BODY = YES;
				CLANG_WARN_ENUM_CONVERSION = YES;
				CLANG_WARN_INFINITE_RECURSION = YES;
				CLANG_WARN_INT_CONVERSION = YES;
				CLANG_WARN_NON_LITERAL_NULL_CONVERSION = YES;
				CLANG_WARN_OBJC_IMPLICIT_RETAIN_SELF = YES;
				CLANG_WARN_OBJC_LITERAL_CONVERSION = YES;
				CLANG_WARN_OBJC_ROOT_CLASS = YES_ERROR;
				CLANG_WARN_RANGE_LOOP_ANALYSIS = YES;
				CLANG_WARN_STRICT_PROTOTYPES = YES;
				CLANG_WARN_SUSPICIOUS_MOVE = YES;
				CLANG_WARN_UNGUARDED_AVAILABILITY = YES_AGGRESSIVE;
				CLANG_WARN_UNREACHABLE_CODE = YES;
				CLANG_WARN__DUPLICATE_METHOD_MATCH = YES;
				CODE_SIGN_IDENTITY = "iPhone Developer";
				COPY_PHASE_STRIP = NO;
				DEBUG_INFORMATION_FORMAT = "dwarf-with-dsym";
				ENABLE_NS_ASSERTIONS = NO;
				ENABLE_STRICT_OBJC_MSGSEND = YES;
				GCC_C_LANGUAGE_STANDARD = gnu11;
				GCC_NO_COMMON_BLOCKS = YES;
				GCC_WARN_64_TO_32_BIT_CONVERSION = YES;
				GCC_WARN_ABOUT_RETURN_TYPE = YES_ERROR;
				GCC_WARN_UNDECLARED_SELECTOR = YES;
				GCC_WARN_UNINITIALIZED_AUTOS = YES_AGGRESSIVE;
				GCC_WARN_UNUSED_FUNCTION = YES;
				GCC_WARN_UNUSED_VARIABLE = YES;
				IPHONEOS_DEPLOYMENT_TARGET = 11.4;
				MTL_ENABLE_DEBUG_INFO = NO;
				SDKROOT = iphoneos;
				SWIFT_COMPILATION_MODE = wholemodule;
				SWIFT_OPTIMIZATION_LEVEL = "-O";
				VALIDATE_PRODUCT = YES;
			};
			name = Release;
		};
		6DD24E83212FFA1800D841EB /* Debug */ = {
			isa = XCBuildConfiguration;
			buildSettings = {
				ASSETCATALOG_COMPILER_APPICON_NAME = AppIcon;
				CODE_SIGN_STYLE = Automatic;
				INFOPLIST_FILE = MainProject/Info.plist;
				LD_RUNPATH_SEARCH_PATHS = (
					"$(inherited)",
					"@executable_path/Frameworks",
				);
				PRODUCT_BUNDLE_IDENTIFIER = com.andreea.MainProject;
				PRODUCT_NAME = "$(TARGET_NAME)";
				SWIFT_VERSION = 4.0;
				TARGETED_DEVICE_FAMILY = "1,2";
			};
			name = Debug;
		};
		6DD24E84212FFA1800D841EB /* Release */ = {
			isa = XCBuildConfiguration;
			buildSettings = {
				ASSETCATALOG_COMPILER_APPICON_NAME = AppIcon;
				CODE_SIGN_STYLE = Automatic;
				INFOPLIST_FILE = MainProject/Info.plist;
				LD_RUNPATH_SEARCH_PATHS = (
					"$(inherited)",
					"@executable_path/Frameworks",
				);
				PRODUCT_BUNDLE_IDENTIFIER = com.andreea.MainProject;
				PRODUCT_NAME = "$(TARGET_NAME)";
				SWIFT_VERSION = 4.0;
				TARGETED_DEVICE_FAMILY = "1,2";
			};
			name = Release;
		};
/* End XCBuildConfiguration section */

/* Begin XCConfigurationList section */
		6DD24E6B212FFA1800D841EB /* Build configuration list for PBXProject "MainProject" */ = {
			isa = XCConfigurationList;
			buildConfigurations = (
				6DD24E80212FFA1800D841EB /* Debug */,
				6DD24E81212FFA1800D841EB /* Release */,
			);
			defaultConfigurationIsVisible = 0;
			defaultConfigurationName = Release;
		};
		6DD24E82212FFA1800D841EB /* Build configuration list for PBXNativeTarget "MainProject" */ = {
			isa = XCConfigurationList;
			buildConfigurations = (
				6DD24E83212FFA1800D841EB /* Debug */,
				6DD24E84212FFA1800D841EB /* Release */,
			);
			defaultConfigurationIsVisible = 0;
			defaultConfigurationName = Release;
		};
/* End XCConfigurationList section */
	};
	rootObject = 6DD24E68212FFA1800D841EB /* Project object */;
}
